
Microsoft Visual Studio Solution File, Format Version 12.00
# Visual Studio 15
VisualStudioVersion = 15.0.28307.1062
MinimumVisualStudioVersion = 10.0.40219.1
Project("{8BC9CEB8-8B4A-11D0-8D11-00A0C91BC942}") = "ProxyHandle", "Dll1\Dll1.vcxproj", "{3C6F2DF6-BF0D-4B2C-8CAA-4DF965EBC66D}"
EndProject
Global
	GlobalSection(SolutionConfigurationPlatforms) = preSolution
		Debug|x64 = Debug|x64
		Debug|x86 = Debug|x86
		Release|x64 = Release|x64
		Release|x86 = Release|x86
	EndGlobalSection
	GlobalSection(ProjectConfigurationPlatforms) = postSolution
		{3C6F2DF6-BF0D-4B2C-8CAA-4DF965EBC66D}.Debug|x64.ActiveCfg = Debug|x64
		{3C6F2DF6-BF0D-4B2C-8CAA-4DF965EBC66D}.Debug|x64.Build.0 = Debug|x64
		{3C6F2DF6-BF0D-4B2C-8CAA-4DF965EBC66D}.Debug|x86.ActiveCfg = Debug|Win32
		{3C6F2DF6-BF0D-4B2C-8CAA-4DF965EBC66D}.Debug|x86.Build.0 = Debug|Win32
		{3C6F2DF6-BF0D-4B2C-8CAA-4DF965EBC66D}.Release|x64.ActiveCfg = Release|x64
		{3C6F2DF6-BF0D-4B2C-8CAA-4DF965EBC66D}.Release|x64.Build.0 = Release|x64
		{3C6F2DF6-BF0D-4B2C-8CAA-4DF965EBC66D}.Release|x86.ActiveCfg = Release|Win32
		{3C6F2DF6-BF0D-4B2C-8CAA-4DF965EBC66D}.Release|x86.Build.0 = Release|Win32
	EndGlobalSection
	GlobalSection(SolutionProperties) = preSolution
		HideSolutionNode = FALSE
	EndGlobalSection
	GlobalSection(ExtensibilityGlobals) = postSolution
		SolutionGuid = {88270E2D-6FDF-4EF7-AADD-86E213820735}
	EndGlobalSection
EndGlobal
